
Microsoft Visual Studio Solution File, Format Version 12.00
# Visual Studio Version 17
VisualStudioVersion = 17.0.31903.59
MinimumVisualStudioVersion = 10.0.40219.1
Project("{FAE04EC0-301F-11D3-BF4B-00C04F79EFBC}") = "App.Avalonia", "App.Avalonia\App.Avalonia.csproj", "{5A887B7A-8E44-411F-8689-A7F3E867ED69}"
EndProject
Project("{FAE04EC0-301F-11D3-BF4B-00C04F79EFBC}") = "Core", "Core\Core.csproj", "{9818820D-9E78-4E12-8C13-02095E8C3154}"
EndProject
Project("{FAE04EC0-301F-11D3-BF4B-00C04F79EFBC}") = "Infrastructure", "Infrastructure\Infrastructure.csproj", "{04199567-BB67-41BF-AA64-9FAEB7BA42CF}"
EndProject
Project("{2150E333-8FDC-42A3-9474-1A3956D46DE8}") = "tests", "tests", "{304F7EC3-9B30-405B-8079-468D8D07AF5E}"
EndProject
Project("{FAE04EC0-301F-11D3-BF4B-00C04F79EFBC}") = "Core.Tests", "tests\Core.Tests\Core.Tests.csproj", "{C44B15B0-7AF3-4C97-8A3A-51D3FEFD5526}"
EndProject
Global
	GlobalSection(SolutionConfigurationPlatforms) = preSolution
		Debug|Any CPU = Debug|Any CPU
		Release|Any CPU = Release|Any CPU
	EndGlobalSection
	GlobalSection(SolutionProperties) = preSolution
		HideSolutionNode = FALSE
	EndGlobalSection
	GlobalSection(ProjectConfigurationPlatforms) = postSolution
		{5A887B7A-8E44-411F-8689-A7F3E867ED69}.Debug|Any CPU.ActiveCfg = Debug|Any CPU
		{5A887B7A-8E44-411F-8689-A7F3E867ED69}.Debug|Any CPU.Build.0 = Debug|Any CPU
		{5A887B7A-8E44-411F-8689-A7F3E867ED69}.Release|Any CPU.ActiveCfg = Release|Any CPU
		{5A887B7A-8E44-411F-8689-A7F3E867ED69}.Release|Any CPU.Build.0 = Release|Any CPU
		{9818820D-9E78-4E12-8C13-02095E8C3154}.Debug|Any CPU.ActiveCfg = Debug|Any CPU
		{9818820D-9E78-4E12-8C13-02095E8C3154}.Debug|Any CPU.Build.0 = Debug|Any CPU
		{9818820D-9E78-4E12-8C13-02095E8C3154}.Release|Any CPU.ActiveCfg = Release|Any CPU
		{9818820D-9E78-4E12-8C13-02095E8C3154}.Release|Any CPU.Build.0 = Release|Any CPU
		{04199567-BB67-41BF-AA64-9FAEB7BA42CF}.Debug|Any CPU.ActiveCfg = Debug|Any CPU
		{04199567-BB67-41BF-AA64-9FAEB7BA42CF}.Debug|Any CPU.Build.0 = Debug|Any CPU
		{04199567-BB67-41BF-AA64-9FAEB7BA42CF}.Release|Any CPU.ActiveCfg = Release|Any CPU
		{04199567-BB67-41BF-AA64-9FAEB7BA42CF}.Release|Any CPU.Build.0 = Release|Any CPU
		{C44B15B0-7AF3-4C97-8A3A-51D3FEFD5526}.Debug|Any CPU.ActiveCfg = Debug|Any CPU
		{C44B15B0-7AF3-4C97-8A3A-51D3FEFD5526}.Debug|Any CPU.Build.0 = Debug|Any CPU
		{C44B15B0-7AF3-4C97-8A3A-51D3FEFD5526}.Release|Any CPU.ActiveCfg = Release|Any CPU
		{C44B15B0-7AF3-4C97-8A3A-51D3FEFD5526}.Release|Any CPU.Build.0 = Release|Any CPU
	EndGlobalSection
	GlobalSection(NestedProjects) = preSolution
		{C44B15B0-7AF3-4C97-8A3A-51D3FEFD5526} = {304F7EC3-9B30-405B-8079-468D8D07AF5E}
	EndGlobalSection
EndGlobal
